// !$*UTF8*$!
{
	archiveVersion = 1;
	classes = {
	};
	objectVersion = 50;
	objects = {

/* Begin PBXBuildFile section */
		DEFFD2E9264A78EF0075ACAC /* AppDelegate.swift in Sources */ = {isa = PBXBuildFile; fileRef = DEFFD2E8264A78EF0075ACAC /* AppDelegate.swift */; };
		DEFFD2EB264A78EF0075ACAC /* SceneDelegate.swift in Sources */ = {isa = PBXBuildFile; fileRef = DEFFD2EA264A78EF0075ACAC /* SceneDelegate.swift */; };
		DEFFD2ED264A78EF0075ACAC /* ViewController.swift in Sources */ = {isa = PBXBuildFile; fileRef = DEFFD2EC264A78EF0075ACAC /* ViewController.swift */; };
		DEFFD2F0264A78EF0075ACAC /* Main.storyboard in Resources */ = {isa = PBXBuildFile; fileRef = DEFFD2EE264A78EF0075ACAC /* Main.storyboard */; };
		DEFFD2F2264A78F00075ACAC /* Assets.xcassets in Resources */ = {isa = PBXBuildFile; fileRef = DEFFD2F1264A78F00075ACAC /* Assets.xcassets */; };
		DEFFD2F5264A78F00075ACAC /* LaunchScreen.storyboard in Resources */ = {isa = PBXBuildFile; fileRef = DEFFD2F3264A78F00075ACAC /* LaunchScreen.storyboard */; };
/* End PBXBuildFile section */

/* Begin PBXFileReference section */
		DEFFD2E5264A78EF0075ACAC /* test_sideMenue.app */ = {isa = PBXFileReference; explicitFileType = wrapper.application; includeInIndex = 0; path = test_sideMenue.app; sourceTree = BUILT_PRODUCTS_DIR; };
		DEFFD2E8264A78EF0075ACAC /* AppDelegate.swift */ = {isa = PBXFileReference; lastKnownFileType = sourcecode.swift; path = AppDelegate.swift; sourceTree = "<group>"; };
		DEFFD2EA264A78EF0075ACAC /* SceneDelegate.swift */ = {isa = PBXFileReference; lastKnownFileType = sourcecode.swift; path = SceneDelegate.swift; sourceTree = "<group>"; };
		DEFFD2EC264A78EF0075ACAC /* ViewController.swift */ = {isa = PBXFileReference; lastKnownFileType = sourcecode.swift; path = ViewController.swift; sourceTree = "<group>"; };
		DEFFD2EF264A78EF0075ACAC /* Base */ = {isa = PBXFileReference; lastKnownFileType = file.storyboard; name = Base; path = Base.lproj/Main.storyboard; sourceTree = "<group>"; };
		DEFFD2F1264A78F00075ACAC /* Assets.xcassets */ = {isa = PBXFileReference; lastKnownFileType = folder.assetcatalog; path = Assets.xcassets; sourceTree = "<group>"; };
		DEFFD2F4264A78F00075ACAC /* Base */ = {isa = PBXFileReference; lastKnownFileType = file.storyboard; name = Base; path = Base.lproj/LaunchScreen.storyboard; sourceTree = "<group>"; };
		DEFFD2F6264A78F00075ACAC /* Info.plist */ = {isa = PBXFileReference; lastKnownFileType = text.plist.xml; path = Info.plist; sourceTree = "<group>"; };
/* End PBXFileReference section */

/* Begin PBXFrameworksBuildPhase section */
		DEFFD2E2264A78EF0075ACAC /* Frameworks */ = {
			isa = PBXFrameworksBuildPhase;
			buildActionMask = 2147483647;
			files = (
			);
			runOnlyForDeploymentPostprocessing = 0;
		};
/* End PBXFrameworksBuildPhase section */

/* Begin PBXGroup section */
		DEFFD2DC264A78EF0075ACAC = {
			isa = PBXGroup;
			children = (
				DEFFD2E7264A78EF0075ACAC /* test_sideMenue */,
				DEFFD2E6264A78EF0075ACAC /* Products */,
			);
			sourceTree = "<group>";
		};
		DEFFD2E6264A78EF0075ACAC /* Products */ = {
			isa = PBXGroup;
			children = (
				DEFFD2E5264A78EF0075ACAC /* test_sideMenue.app */,
			);
			name = Products;
			sourceTree = "<group>";
		};
		DEFFD2E7264A78EF0075ACAC /* test_sideMenue */ = {
			isa = PBXGroup;
			children = (
				DEFFD2E8264A78EF0075ACAC /* AppDelegate.swift */,
				DEFFD2EA264A78EF0075ACAC /* SceneDelegate.swift */,
				DEFFD2EC264A78EF0075ACAC /* ViewController.swift */,
				DEFFD2EE264A78EF0075ACAC /* Main.storyboard */,
				DEFFD2F1264A78F00075ACAC /* Assets.xcassets */,
				DEFFD2F3264A78F00075ACAC /* LaunchScreen.storyboard */,
				DEFFD2F6264A78F00075ACAC /* Info.plist */,
			);
			path = test_sideMenue;
			sourceTree = "<group>";
		};
/* End PBXGroup section */

/* Begin PBXNativeTarget section */
		DEFFD2E4264A78EF0075ACAC /* test_sideMenue */ = {
			isa = PBXNativeTarget;
			buildConfigurationList = DEFFD2F9264A78F00075ACAC /* Build configuration list for PBXNativeTarget "test_sideMenue" */;
			buildPhases = (
				DEFFD2E1264A78EF0075ACAC /* Sources */,
				DEFFD2E2264A78EF0075ACAC /* Frameworks */,
				DEFFD2E3264A78EF0075ACAC /* Resources */,
			);
			buildRules = (
			);
			dependencies = (
			);
			name = test_sideMenue;
			productName = test_sideMenue;
			productReference = DEFFD2E5264A78EF0075ACAC /* test_sideMenue.app */;
			productType = "com.apple.product-type.application";
		};
/* End PBXNativeTarget section */

/* Begin PBXProject section */
		DEFFD2DD264A78EF0075ACAC /* Project object */ = {
			isa = PBXProject;
			attributes = {
				LastSwiftUpdateCheck = 1250;
				LastUpgradeCheck = 1250;
				TargetAttributes = {
					DEFFD2E4264A78EF0075ACAC = {
						CreatedOnToolsVersion = 12.5;
					};
				};
			};
			buildConfigurationList = DEFFD2E0264A78EF0075ACAC /* Build configuration list for PBXProject "test_sideMenue" */;
			compatibilityVersion = "Xcode 9.3";
			developmentRegion = en;
			hasScannedForEncodings = 0;
			knownRegions = (
				en,
				Base,
			);
			mainGroup = DEFFD2DC264A78EF0075ACAC;
			productRefGroup = DEFFD2E6264A78EF0075ACAC /* Products */;
			projectDirPath = "";
			projectRoot = "";
			targets = (
				DEFFD2E4264A78EF0075ACAC /* test_sideMenue */,
			);
		};
/* End PBXProject section */

/* Begin PBXResourcesBuildPhase section */
		DEFFD2E3264A78EF0075ACAC /* Resources */ = {
			isa = PBXResourcesBuildPhase;
			buildActionMask = 2147483647;
			files = (
				DEFFD2F5264A78F00075ACAC /* LaunchScreen.storyboard in Resources */,
				DEFFD2F2264A78F00075ACAC /* Assets.xcassets in Resources */,
				DEFFD2F0264A78EF0075ACAC /* Main.storyboard in Resources */,
			);
			runOnlyForDeploymentPostprocessing = 0;
		};
/* End PBXResourcesBuildPhase section */

/* Begin PBXSourcesBuildPhase section */
		DEFFD2E1264A78EF0075ACAC /* Sources */ = {
			isa = PBXSourcesBuildPhase;
			buildActionMask = 2147483647;
			files = (
				DEFFD2ED264A78EF0075ACAC /* ViewController.swift in Sources */,
				DEFFD2E9264A78EF0075ACAC /* AppDelegate.swift in Sources */,
				DEFFD2EB264A78EF0075ACAC /* SceneDelegate.swift in Sources */,
			);
			runOnlyForDeploymentPostprocessing = 0;
		};
/* End PBXSourcesBuildPhase section */

/* Begin PBXVariantGroup section */
		DEFFD2EE264A78EF0075ACAC /* Main.storyboard */ = {
			isa = PBXVariantGroup;
			children = (
				DEFFD2EF264A78EF0075ACAC /* Base */,
			);
			name = Main.storyboard;
			sourceTree = "<group>";
		};
		DEFFD2F3264A78F00075ACAC /* LaunchScreen.storyboard */ = {
			isa = PBXVariantGroup;
			children = (
				DEFFD2F4264A78F00075ACAC /* Base */,
			);
			name = LaunchScreen.storyboard;
			sourceTree = "<group>";
		};
/* End PBXVariantGroup section */

/* Begin XCBuildConfiguration section */
		DEFFD2F7264A78F00075ACAC /* Debug */ = {
			isa = XCBuildConfiguration;
			buildSettings = {
				ALWAYS_SEARCH_USER_PATHS = NO;
				CLANG_ANALYZER_NONNULL = YES;
				CLANG_ANALYZER_NUMBER_OBJECT_CONVERSION = YES_AGGRESSIVE;
				CLANG_CXX_LANGUAGE_STANDARD = "gnu++14";
				CLANG_CXX_LIBRARY = "libc++";
				CLANG_ENABLE_MODULES = YES;
				CLANG_ENABLE_OBJC_ARC = YES;
				CLANG_ENABLE_OBJC_WEAK = YES;
				CLANG_WARN_BLOCK_CAPTURE_AUTORELEASING = YES;
				CLANG_WARN_BOOL_CONVERSION = YES;
				CLANG_WARN_COMMA = YES;
				CLANG_WARN_CONSTANT_CONVERSION = YES;
				CLANG_WARN_DEPRECATED_OBJC_IMPLEMENTATIONS = YES;
				CLANG_WARN_DIRECT_OBJC_ISA_USAGE = YES_ERROR;
				CLANG_WARN_DOCUMENTATION_COMMENTS = YES;
				CLANG_WARN_EMPTY_BODY = YES;
				CLANG_WARN_ENUM_CONVERSION = YES;
				CLANG_WARN_INFINITE_RECURSION = YES;
				CLANG_WARN_INT_CONVERSION = YES;
				CLANG_WARN_NON_LITERAL_NULL_CONVERSION = YES;
				CLANG_WARN_OBJC_IMPLICIT_RETAIN_SELF = YES;
				CLANG_WARN_OBJC_LITERAL_CONVERSION = YES;
				CLANG_WARN_OBJC_ROOT_CLASS = YES_ERROR;
				CLANG_WARN_QUOTED_INCLUDE_IN_FRAMEWORK_HEADER = YES;
				CLANG_WARN_RANGE_LOOP_ANALYSIS = YES;
				CLANG_WARN_STRICT_PROTOTYPES = YES;
				CLANG_WARN_SUSPICIOUS_MOVE = YES;
				CLANG_WARN_UNGUARDED_AVAILABILITY = YES_AGGRESSIVE;
				CLANG_WARN_UNREACHABLE_CODE = YES;
				CLANG_WARN__DUPLICATE_METHOD_MATCH = YES;
				COPY_PHASE_STRIP = NO;
				DEBUG_INFORMATION_FORMAT = dwarf;
				ENABLE_STRICT_OBJC_MSGSEND = YES;
				ENABLE_TESTABILITY = YES;
				GCC_C_LANGUAGE_STANDARD = gnu11;
				GCC_DYNAMIC_NO_PIC = NO;
				GCC_NO_COMMON_BLOCKS = YES;
				GCC_OPTIMIZATION_LEVEL = 0;
				GCC_PREPROCESSOR_DEFINITIONS = (
					"DEBUG=1",
					"$(inherited)",
				);
				GCC_WARN_64_TO_32_BIT_CONVERSION = YES;
				GCC_WARN_ABOUT_RETURN_TYPE = YES_ERROR;
				GCC_WARN_UNDECLARED_SELECTOR = YES;
				GCC_WARN_UNINITIALIZED_AUTOS = YES_AGGRESSIVE;
				GCC_WARN_UNUSED_FUNCTION = YES;
				GCC_WARN_UNUSED_VARIABLE = YES;
				IPHONEOS_DEPLOYMENT_TARGET = 14.5;
				MTL_ENABLE_DEBUG_INFO = INCLUDE_SOURCE;
				MTL_FAST_MATH = YES;
				ONLY_ACTIVE_ARCH = YES;
				SDKROOT = iphoneos;
				SWIFT_ACTIVE_COMPILATION_CONDITIONS = DEBUG;
				SWIFT_OPTIMIZATION_LEVEL = "-Onone";
			};
			name = Debug;
		};
		DEFFD2F8264A78F00075ACAC /* Release */ = {
			isa = XCBuildConfiguration;
			buildSettings = {
				ALWAYS_SEARCH_USER_PATHS = NO;
				CLANG_ANALYZER_NONNULL = YES;
				CLANG_ANALYZER_NUMBER_OBJECT_CONVERSION = YES_AGGRESSIVE;
				CLANG_CXX_LANGUAGE_STANDARD = "gnu++14";
				CLANG_CXX_LIBRARY = "libc++";
				CLANG_ENABLE_MODULES = YES;
				CLANG_ENABLE_OBJC_ARC = YES;
				CLANG_ENABLE_OBJC_WEAK = YES;
				CLANG_WARN_BLOCK_CAPTURE_AUTORELEASING = YES;
				CLANG_WARN_BOOL_CONVERSION = YES;
				CLANG_WARN_COMMA = YES;
				CLANG_WARN_CONSTANT_CONVERSION = YES;
				CLANG_WARN_DEPRECATED_OBJC_IMPLEMENTATIONS = YES;
				CLANG_WARN_DIRECT_OBJC_ISA_USAGE = YES_ERROR;
				CLANG_WARN_DOCUMENTATION_COMMENTS = YES;
				CLANG_WARN_EMPTY_BODY = YES;
				CLANG_WARN_ENUM_CONVERSION = YES;
				CLANG_WARN_INFINITE_RECURSION = YES;
				CLANG_WARN_INT_CONVERSION = YES;
				CLANG_WARN_NON_LITERAL_NULL_CONVERSION = YES;
				CLANG_WARN_OBJC_IMPLICIT_RETAIN_SELF = YES;
				CLANG_WARN_OBJC_LITERAL_CONVERSION = YES;
				CLANG_WARN_OBJC_ROOT_CLASS = YES_ERROR;
				CLANG_WARN_QUOTED_INCLUDE_IN_FRAMEWORK_HEADER = YES;
				CLANG_WARN_RANGE_LOOP_ANALYSIS = YES;
				CLANG_WARN_STRICT_PROTOTYPES = YES;
				CLANG_WARN_SUSPICIOUS_MOVE = YES;
				CLANG_WARN_UNGUARDED_AVAILABILITY = YES_AGGRESSIVE;
				CLANG_WARN_UNREACHABLE_CODE = YES;
				CLANG_WARN__DUPLICATE_METHOD_MATCH = YES;
				COPY_PHASE_STRIP = NO;
				DEBUG_INFORMATION_FORMAT = "dwarf-with-dsym";
				ENABLE_NS_ASSERTIONS = NO;
				ENABLE_STRICT_OBJC_MSGSEND = YES;
				GCC_C_LANGUAGE_STANDARD = gnu11;
				GCC_NO_COMMON_BLOCKS = YES;
				GCC_WARN_64_TO_32_BIT_CONVERSION = YES;
				GCC_WARN_ABOUT_RETURN_TYPE = YES_ERROR;
				GCC_WARN_UNDECLARED_SELECTOR = YES;
				GCC_WARN_UNINITIALIZED_AUTOS = YES_AGGRESSIVE;
				GCC_WARN_UNUSED_FUNCTION = YES;
				GCC_WARN_UNUSED_VARIABLE = YES;
				IPHONEOS_DEPLOYMENT_TARGET = 14.5;
				MTL_ENABLE_DEBUG_INFO = NO;
				MTL_FAST_MATH = YES;
				SDKROOT = iphoneos;
				SWIFT_COMPILATION_MODE = wholemodule;
				SWIFT_OPTIMIZATION_LEVEL = "-O";
				VALIDATE_PRODUCT = YES;
			};
			name = Release;
		};
		DEFFD2FA264A78F00075ACAC /* Debug */ = {
			isa = XCBuildConfiguration;
			buildSettings = {
				ASSETCATALOG_COMPILER_APPICON_NAME = AppIcon;
				ASSETCATALOG_COMPILER_GLOBAL_ACCENT_COLOR_NAME = AccentColor;
				CODE_SIGN_STYLE = Automatic;
				INFOPLIST_FILE = test_sideMenue/Info.plist;
				LD_RUNPATH_SEARCH_PATHS = (
					"$(inherited)",
					"@executable_path/Frameworks",
				);
				PRODUCT_BUNDLE_IDENTIFIER = "com.okadai.test-sideMenue";
				PRODUCT_NAME = "$(TARGET_NAME)";
				SWIFT_VERSION = 5.0;
				TARGETED_DEVICE_FAMILY = "1,2";
			};
			name = Debug;
		};
		DEFFD2FB264A78F00075ACAC /* Release */ = {
			isa = XCBuildConfiguration;
			buildSettings = {
				ASSETCATALOG_COMPILER_APPICON_NAME = AppIcon;
				ASSETCATALOG_COMPILER_GLOBAL_ACCENT_COLOR_NAME = AccentColor;
				CODE_SIGN_STYLE = Automatic;
				INFOPLIST_FILE = test_sideMenue/Info.plist;
				LD_RUNPATH_SEARCH_PATHS = (
					"$(inherited)",
					"@executable_path/Frameworks",
				);
				PRODUCT_BUNDLE_IDENTIFIER = "com.okadai.test-sideMenue";
				PRODUCT_NAME = "$(TARGET_NAME)";
				SWIFT_VERSION = 5.0;
				TARGETED_DEVICE_FAMILY = "1,2";
			};
			name = Release;
		};
/* End XCBuildConfiguration section */

/* Begin XCConfigurationList section */
		DEFFD2E0264A78EF0075ACAC /* Build configuration list for PBXProject "test_sideMenue" */ = {
			isa = XCConfigurationList;
			buildConfigurations = (
				DEFFD2F7264A78F00075ACAC /* Debug */,
				DEFFD2F8264A78F00075ACAC /* Release */,
			);
			defaultConfigurationIsVisible = 0;
			defaultConfigurationName = Release;
		};
		DEFFD2F9264A78F00075ACAC /* Build configuration list for PBXNativeTarget "test_sideMenue" */ = {
			isa = XCConfigurationList;
			buildConfigurations = (
				DEFFD2FA264A78F00075ACAC /* Debug */,
				DEFFD2FB264A78F00075ACAC /* Release */,
			);
			defaultConfigurationIsVisible = 0;
			defaultConfigurationName = Release;
		};
/* End XCConfigurationList section */
	};
	rootObject = DEFFD2DD264A78EF0075ACAC /* Project object */;
}
